
Microsoft Visual Studio Solution File, Format Version 12.00
# Visual Studio Version 17
VisualStudioVersion = 17.0.32014.148
MinimumVisualStudioVersion = 10.0.40219.1
Project("{FAE04EC0-301F-11D3-BF4B-00C04F79EFBC}") = "Game-Azure", "Game-Azure\Game-Azure.csproj", "{F4CB56E4-8F19-4F40-A8BE-F1EE62109FC3}"
EndProject
Global
	GlobalSection(SolutionConfigurationPlatforms) = preSolution
		Debug|Any CPU = Debug|Any CPU
		Release|Any CPU = Release|Any CPU
	EndGlobalSection
	GlobalSection(ProjectConfigurationPlatforms) = postSolution
		{F4CB56E4-8F19-4F40-A8BE-F1EE62109FC3}.Debug|Any CPU.ActiveCfg = Debug|Any CPU
		{F4CB56E4-8F19-4F40-A8BE-F1EE62109FC3}.Debug|Any CPU.Build.0 = Debug|Any CPU
		{F4CB56E4-8F19-4F40-A8BE-F1EE62109FC3}.Release|Any CPU.ActiveCfg = Release|Any CPU
		{F4CB56E4-8F19-4F40-A8BE-F1EE62109FC3}.Release|Any CPU.Build.0 = Release|Any CPU
	EndGlobalSection
	GlobalSection(SolutionProperties) = preSolution
		HideSolutionNode = FALSE
	EndGlobalSection
	GlobalSection(ExtensibilityGlobals) = postSolution
		SolutionGuid = {F08AB63C-4A8E-4367-A9FF-DFAFEF3EAD7A}
	EndGlobalSection
EndGlobal
